PODS:
  - Alamofire (4.8.0)
  - Differentiator (3.1.0)
  - Hue (3.0.1)
  - Kingfisher (4.10.1)
  - ObjectMapper (3.4.2)
  - RxAlamofire (4.3.0):
    - RxAlamofire/Core (= 4.3.0)
  - RxAlamofire/Core (4.3.0):
    - Alamofire (~> 4.5)
    - RxSwift (~> 4)
  - RxAtomic (4.4.0)
  - RxCocoa (4.4.0):
    - RxSwift (~> 4.0)
  - RxDataSources (3.1.0):
    - Differentiator (~> 3.0)
    - RxCocoa (~> 4.0)
    - RxSwift (~> 4.0)
  - RxOptional (3.6.2):
    - RxCocoa (~> 4.0)
    - RxSwift (~> 4.0)
  - RxSwift (4.4.0):
    - RxAtomic (~> 4.4)
  - SnapKit (4.2.0)
  - SwiftDate (5.0.13)
  - SwiftyJSON (4.2.0)

DEPENDENCIES:
  - Alamofire
  - Hue
  - Kingfisher
  - ObjectMapper
  - RxAlamofire
  - RxCocoa
  - RxDataSources
  - RxOptional
  - RxSwift
  - SnapKit
  - SwiftDate
  - SwiftyJSON

SPEC REPOS:
  https://github.com/cocoapods/specs.git:
    - Alamofire
    - Differentiator
    - Hue
    - Kingfisher
    - ObjectMapper
    - RxAlamofire
    - RxAtomic
    - RxCocoa
    - RxDataSources
    - RxOptional
    - RxSwift
    - SnapKit
    - SwiftDate
    - SwiftyJSON

SPEC CHECKSUMS:
  Alamofire: 3ec537f71edc9804815215393ae2b1a8ea33a844
  Differentiator: be49ca3408f0ecfc761e4c7763d20c62be01b9ad
  Hue: 93e852fa6211ab35922ad8c293f51c43d6c79eb2
  Kingfisher: c148cd7b47ebde9989f6bc7c27dcaa79d81279a0
  ObjectMapper: 0d4402610f4e468903ae64629eec4784531e5c51
  RxAlamofire: 09624d0f2d48ed8b686e4eb4cf68e28cbd2df556
  RxAtomic: eacf60db868c96bfd63320e28619fe29c179656f
  RxCocoa: df63ebf7b9a70d6b4eeea407ed5dd4efc8979749
  RxDataSources: a843bad90c29817f5923ec8163f4af2de084ceb3
  RxOptional: 80426a0ddbd092573e4c482d8cc13302078c4d5e
  RxSwift: 5976ecd04fc2fefd648827c23de5e11157faa973
  SnapKit: fe8a619752f3f27075cc9a90244d75c6c3f27e2a
  SwiftDate: f4aea5fa9dee812485f34041121a4cbde01b0dee
  SwiftyJSON: c4bcba26dd9ec7a027fc8eade48e2c911f229e96

PODFILE CHECKSUM: 73d0c86ebe7f718ef42809adeafd563f27958725

COCOAPODS: 1.5.3
